{
    "name": "BeadGarden",
    "lockfileVersion": 3,
    "requires": true,
    "packages": {
        "": {
            "devDependencies": {
                "@types/matter-js": "^0.10.9",
                "@types/p5": "^1.7.7"
            }
        },
        "node_modules/@types/matter-js": {
            "version": "0.10.9",
            "resolved": "https://registry.npmjs.org/@types/matter-js/-/matter-js-0.10.9.tgz",
            "integrity": "sha512-/jj78J7/85d74w1zUNfViPuRwT5s4qlJ3Kb76WSiMhP4GgyNvIiVbZq02GxxiH5kEg85OfMTgQ1erHgDGEcUwA==",
            "dev": true,
            "license": "MIT"
        },
        "node_modules/@types/p5": {
            "version": "1.7.7",
            "resolved": "https://registry.npmjs.org/@types/p5/-/p5-1.7.7.tgz",
            "integrity": "sha512-WFuP7jqc5CkkMtCK/NphgvMnJz1Qi9CMuK7t6xLu/tuXkRdGQA4q4AD0dUYcChC0Oibe8PE8gbKSFPNF0BqVNw==",
            "dev": true,
            "license": "MIT"
        }
    }
}
